{
  "name": "app",
  "version": "1.0.0",
  "lockfileVersion": 3,
  "requires": true,
  "packages": {
    "": {
      "name": "app",
      "version": "1.0.0",
      "license": "ISC",
      "dependencies": {
        "@hotwired/stimulus": "^3.2.2",
        "@hotwired/turbo-rails": "^8.0.13",
        "daisyui": "^5.0.28"
      },
      "devDependencies": {}
    },
    "node_modules/@hotwired/stimulus": {
      "version": "3.2.2",
      "resolved": "https://registry.npmjs.org/@hotwired/stimulus/-/stimulus-3.2.2.tgz",
      "integrity": "sha512-eGeIqNOQpXoPAIP7tC1+1Yc1yl1xnwYqg+3mzqxyrbE5pg5YFBZcA6YoTiByJB6DKAEsiWtl6tjTJS4IYtbB7A=="
    },
    "node_modules/@hotwired/turbo": {
      "version": "8.0.13",
      "resolved": "https://registry.npmjs.org/@hotwired/turbo/-/turbo-8.0.13.tgz",
      "integrity": "sha512-M7qXUqcGab6G5PKOiwhgbByTtrPgKPFCTMNQ52QhzUEXEqmp0/ApEguUesh/FPiUjrmFec+3lq98KsWnYY2C7g==",
      "engines": {
        "node": ">= 14"
      }
    },
    "node_modules/@hotwired/turbo-rails": {
      "version": "8.0.13",
      "resolved": "https://registry.npmjs.org/@hotwired/turbo-rails/-/turbo-rails-8.0.13.tgz",
      "integrity": "sha512-6SCnnOSzhtaJ0pNkAjncZxjtKsK3sP/vPEkCnTXBXSHkr+vF7DTZkOlwjhms1DbbQNTsjCsBoKvzSMbh/omSCQ==",
      "dependencies": {
        "@hotwired/turbo": "^8.0.13",
        "@rails/actioncable": "^7.0"
      }
    },
    "node_modules/@rails/actioncable": {
      "version": "7.2.201",
      "resolved": "https://registry.npmjs.org/@rails/actioncable/-/actioncable-7.2.201.tgz",
      "integrity": "sha512-wsTdWoZ5EfG5k3t7ORdyQF0ZmDEgN4aVPCanHAiNEwCROqibSZMXXmCbH7IDJUVri4FOeAVwwbPINI7HVHPKBw=="
    },
    "node_modules/daisyui": {
      "version": "5.0.28",
      "resolved": "https://registry.npmjs.org/daisyui/-/daisyui-5.0.28.tgz",
      "integrity": "sha512-H082p8Lg3c7Se9wTbjfSOOhfUbp3BnOM2+cdr3OeY5G1Ll7GYLXB9NWLHgitkTsB1pQKwHRYYchqN2YG0VVShg==",
      "funding": {
        "url": "https://github.com/saadeghi/daisyui?sponsor=1"
      }
    }
  }
}
